
Microsoft Visual Studio Solution File, Format Version 12.00
# Visual Studio Version 17
VisualStudioVersion = 17.3.32922.545
MinimumVisualStudioVersion = 10.0.40219.1
Project("{888888A0-9F3D-457C-B088-3A5042F75D52}") = "RunningLineVideos", "RunningLineVideos.pyproj", "{6D2033F1-29F2-4EDD-AD50-D05B6B59DB98}"
EndProject
Global
	GlobalSection(SolutionConfigurationPlatforms) = preSolution
		Debug|Any CPU = Debug|Any CPU
		Release|Any CPU = Release|Any CPU
	EndGlobalSection
	GlobalSection(ProjectConfigurationPlatforms) = postSolution
		{6D2033F1-29F2-4EDD-AD50-D05B6B59DB98}.Debug|Any CPU.ActiveCfg = Debug|Any CPU
		{6D2033F1-29F2-4EDD-AD50-D05B6B59DB98}.Release|Any CPU.ActiveCfg = Release|Any CPU
	EndGlobalSection
	GlobalSection(SolutionProperties) = preSolution
		HideSolutionNode = FALSE
	EndGlobalSection
	GlobalSection(ExtensibilityGlobals) = postSolution
		SolutionGuid = {1B06AD1E-129E-4805-B43F-F3C98C81E013}
	EndGlobalSection
EndGlobal
